// !$*UTF8*$!
{
	archiveVersion = 1;
	classes = {
	};
	objectVersion = 50;
	objects = {

/* Begin PBXBuildFile section */
		BD46B9B7244F50890014B992 /* SearchText.storyboard in Resources */ = {isa = PBXBuildFile; fileRef = BD46B9B5244F50890014B992 /* SearchText.storyboard */; };
		BD46B9BA244F50C70014B992 /* Settings.storyboard in Resources */ = {isa = PBXBuildFile; fileRef = BD46B9B8244F50C70014B992 /* Settings.storyboard */; };
		BD46B9BD244F50EF0014B992 /* ProofRead.storyboard in Resources */ = {isa = PBXBuildFile; fileRef = BD46B9BB244F50EF0014B992 /* ProofRead.storyboard */; };
		D2056D51245CC1560030F164 /* MatchCaseCell.swift in Sources */ = {isa = PBXBuildFile; fileRef = D2056D50245CC1560030F164 /* MatchCaseCell.swift */; };
		D2056D53245CC16A0030F164 /* WholeWordCell.swift in Sources */ = {isa = PBXBuildFile; fileRef = D2056D52245CC16A0030F164 /* WholeWordCell.swift */; };
		D2056D55245CC17B0030F164 /* MatchPrefixCell.swift in Sources */ = {isa = PBXBuildFile; fileRef = D2056D54245CC17B0030F164 /* MatchPrefixCell.swift */; };
		D2056D57245CC18C0030F164 /* MatchSuffixCell.swift in Sources */ = {isa = PBXBuildFile; fileRef = D2056D56245CC18C0030F164 /* MatchSuffixCell.swift */; };
		D2056D59245CC19D0030F164 /* IgnorePunctuationCell.swift in Sources */ = {isa = PBXBuildFile; fileRef = D2056D58245CC19D0030F164 /* IgnorePunctuationCell.swift */; };
		D2056D5B245CC1B50030F164 /* IgnoreWhiteSpaceCell.swift in Sources */ = {isa = PBXBuildFile; fileRef = D2056D5A245CC1B50030F164 /* IgnoreWhiteSpaceCell.swift */; };
		D2056D5D245CC3A10030F164 /* ImageAdvancedViewController.swift in Sources */ = {isa = PBXBuildFile; fileRef = D2056D5C245CC3A10030F164 /* ImageAdvancedViewController.swift */; };
		D2F2E537244A110A00612473 /* ProofreadViewController.swift in Sources */ = {isa = PBXBuildFile; fileRef = D2F2E536244A110A00612473 /* ProofreadViewController.swift */; };
		D2F2E539244A111700612473 /* SettingViewController.swift in Sources */ = {isa = PBXBuildFile; fileRef = D2F2E538244A111700612473 /* SettingViewController.swift */; };
		D2F2E53B244A136600612473 /* ProofScanTabBarController.swift in Sources */ = {isa = PBXBuildFile; fileRef = D2F2E53A244A136600612473 /* ProofScanTabBarController.swift */; };
		D2F2E5C9244E4D6D00612473 /* ResultViewController.swift in Sources */ = {isa = PBXBuildFile; fileRef = D2F2E5C8244E4D6D00612473 /* ResultViewController.swift */; };
		D2F2E5CB244E4EF500612473 /* MistakeDetail.swift in Sources */ = {isa = PBXBuildFile; fileRef = D2F2E5CA244E4EF500612473 /* MistakeDetail.swift */; };
		D2FEA0D424349310004A6D17 /* AppDelegate.swift in Sources */ = {isa = PBXBuildFile; fileRef = D2FEA0D324349310004A6D17 /* AppDelegate.swift */; };
		D2FEA0D624349310004A6D17 /* SceneDelegate.swift in Sources */ = {isa = PBXBuildFile; fileRef = D2FEA0D524349310004A6D17 /* SceneDelegate.swift */; };
		D2FEA0D824349310004A6D17 /* SearchTextViewController.swift in Sources */ = {isa = PBXBuildFile; fileRef = D2FEA0D724349310004A6D17 /* SearchTextViewController.swift */; };
		D2FEA0DB24349310004A6D17 /* Main.storyboard in Resources */ = {isa = PBXBuildFile; fileRef = D2FEA0D924349310004A6D17 /* Main.storyboard */; };
		D2FEA0DE24349310004A6D17 /* ProofScan.xcdatamodeld in Sources */ = {isa = PBXBuildFile; fileRef = D2FEA0DC24349310004A6D17 /* ProofScan.xcdatamodeld */; };
		D2FEA0E024349313004A6D17 /* Assets.xcassets in Resources */ = {isa = PBXBuildFile; fileRef = D2FEA0DF24349313004A6D17 /* Assets.xcassets */; };
		D2FEA0E324349313004A6D17 /* LaunchScreen.storyboard in Resources */ = {isa = PBXBuildFile; fileRef = D2FEA0E124349313004A6D17 /* LaunchScreen.storyboard */; };
/* End PBXBuildFile section */

/* Begin PBXFileReference section */
		BD46B9B6244F50890014B992 /* Base */ = {isa = PBXFileReference; lastKnownFileType = file.storyboard; name = Base; path = ProofScan/Base.lproj/SearchText.storyboard; sourceTree = "<group>"; };
		BD46B9B9244F50C70014B992 /* Base */ = {isa = PBXFileReference; lastKnownFileType = file.storyboard; name = Base; path = ProofScan/Base.lproj/Settings.storyboard; sourceTree = "<group>"; };
		BD46B9BC244F50EF0014B992 /* Base */ = {isa = PBXFileReference; lastKnownFileType = file.storyboard; name = Base; path = ProofScan/Base.lproj/ProofRead.storyboard; sourceTree = "<group>"; };
		D2056D50245CC1560030F164 /* MatchCaseCell.swift */ = {isa = PBXFileReference; lastKnownFileType = sourcecode.swift; path = MatchCaseCell.swift; sourceTree = "<group>"; };
		D2056D52245CC16A0030F164 /* WholeWordCell.swift */ = {isa = PBXFileReference; lastKnownFileType = sourcecode.swift; path = WholeWordCell.swift; sourceTree = "<group>"; };
		D2056D54245CC17B0030F164 /* MatchPrefixCell.swift */ = {isa = PBXFileReference; lastKnownFileType = sourcecode.swift; path = MatchPrefixCell.swift; sourceTree = "<group>"; };
		D2056D56245CC18C0030F164 /* MatchSuffixCell.swift */ = {isa = PBXFileReference; lastKnownFileType = sourcecode.swift; path = MatchSuffixCell.swift; sourceTree = "<group>"; };
		D2056D58245CC19D0030F164 /* IgnorePunctuationCell.swift */ = {isa = PBXFileReference; lastKnownFileType = sourcecode.swift; path = IgnorePunctuationCell.swift; sourceTree = "<group>"; };
		D2056D5A245CC1B50030F164 /* IgnoreWhiteSpaceCell.swift */ = {isa = PBXFileReference; lastKnownFileType = sourcecode.swift; path = IgnoreWhiteSpaceCell.swift; sourceTree = "<group>"; };
		D2056D5C245CC3A10030F164 /* ImageAdvancedViewController.swift */ = {isa = PBXFileReference; lastKnownFileType = sourcecode.swift; path = ImageAdvancedViewController.swift; sourceTree = "<group>"; };
		D2F2E536244A110A00612473 /* ProofreadViewController.swift */ = {isa = PBXFileReference; lastKnownFileType = sourcecode.swift; path = ProofreadViewController.swift; sourceTree = "<group>"; };
		D2F2E538244A111700612473 /* SettingViewController.swift */ = {isa = PBXFileReference; lastKnownFileType = sourcecode.swift; path = SettingViewController.swift; sourceTree = "<group>"; };
		D2F2E53A244A136600612473 /* ProofScanTabBarController.swift */ = {isa = PBXFileReference; lastKnownFileType = sourcecode.swift; path = ProofScanTabBarController.swift; sourceTree = "<group>"; };
		D2F2E5C8244E4D6D00612473 /* ResultViewController.swift */ = {isa = PBXFileReference; lastKnownFileType = sourcecode.swift; path = ResultViewController.swift; sourceTree = "<group>"; };
		D2F2E5CA244E4EF500612473 /* MistakeDetail.swift */ = {isa = PBXFileReference; lastKnownFileType = sourcecode.swift; path = MistakeDetail.swift; sourceTree = "<group>"; };
		D2FEA0D024349310004A6D17 /* ProofScan.app */ = {isa = PBXFileReference; explicitFileType = wrapper.application; includeInIndex = 0; path = ProofScan.app; sourceTree = BUILT_PRODUCTS_DIR; };
		D2FEA0D324349310004A6D17 /* AppDelegate.swift */ = {isa = PBXFileReference; lastKnownFileType = sourcecode.swift; path = AppDelegate.swift; sourceTree = "<group>"; };
		D2FEA0D524349310004A6D17 /* SceneDelegate.swift */ = {isa = PBXFileReference; lastKnownFileType = sourcecode.swift; path = SceneDelegate.swift; sourceTree = "<group>"; };
		D2FEA0D724349310004A6D17 /* SearchTextViewController.swift */ = {isa = PBXFileReference; lastKnownFileType = sourcecode.swift; path = SearchTextViewController.swift; sourceTree = "<group>"; };
		D2FEA0DA24349310004A6D17 /* Base */ = {isa = PBXFileReference; lastKnownFileType = file.storyboard; name = Base; path = Base.lproj/Main.storyboard; sourceTree = "<group>"; };
		D2FEA0DD24349310004A6D17 /* ProofScan.xcdatamodel */ = {isa = PBXFileReference; lastKnownFileType = wrapper.xcdatamodel; path = ProofScan.xcdatamodel; sourceTree = "<group>"; };
		D2FEA0DF24349313004A6D17 /* Assets.xcassets */ = {isa = PBXFileReference; lastKnownFileType = folder.assetcatalog; path = Assets.xcassets; sourceTree = "<group>"; };
		D2FEA0E224349313004A6D17 /* Base */ = {isa = PBXFileReference; lastKnownFileType = file.storyboard; name = Base; path = Base.lproj/LaunchScreen.storyboard; sourceTree = "<group>"; };
		D2FEA0E424349313004A6D17 /* Info.plist */ = {isa = PBXFileReference; lastKnownFileType = text.plist.xml; path = Info.plist; sourceTree = "<group>"; };
/* End PBXFileReference section */

/* Begin PBXFrameworksBuildPhase section */
		D2FEA0CD24349310004A6D17 /* Frameworks */ = {
			isa = PBXFrameworksBuildPhase;
			buildActionMask = 2147483647;
			files = (
			);
			runOnlyForDeploymentPostprocessing = 0;
		};
/* End PBXFrameworksBuildPhase section */

/* Begin PBXGroup section */
		BD46B9BE244F50FA0014B992 /* Storyboard */ = {
			isa = PBXGroup;
			children = (
				D2FEA0D924349310004A6D17 /* Main.storyboard */,
				BD46B9B8244F50C70014B992 /* Settings.storyboard */,
				BD46B9BB244F50EF0014B992 /* ProofRead.storyboard */,
				BD46B9B5244F50890014B992 /* SearchText.storyboard */,
			);
			path = Storyboard;
			sourceTree = "<group>";
		};
		BD8ACFBE244F520300B1F8B9 /* Controller */ = {
			isa = PBXGroup;
			children = (
				D2FEA0D724349310004A6D17 /* SearchTextViewController.swift */,
				D2F2E5C8244E4D6D00612473 /* ResultViewController.swift */,
				D2F2E53A244A136600612473 /* ProofScanTabBarController.swift */,
				D2F2E536244A110A00612473 /* ProofreadViewController.swift */,
				D2F2E5CA244E4EF500612473 /* MistakeDetail.swift */,
				D2F2E538244A111700612473 /* SettingViewController.swift */,
				D2056D5C245CC3A10030F164 /* ImageAdvancedViewController.swift */,
				D2056D50245CC1560030F164 /* MatchCaseCell.swift */,
				D2056D52245CC16A0030F164 /* WholeWordCell.swift */,
				D2056D54245CC17B0030F164 /* MatchPrefixCell.swift */,
				D2056D56245CC18C0030F164 /* MatchSuffixCell.swift */,
				D2056D58245CC19D0030F164 /* IgnorePunctuationCell.swift */,
				D2056D5A245CC1B50030F164 /* IgnoreWhiteSpaceCell.swift */,
			);
			path = Controller;
			sourceTree = "<group>";
		};
		D2FEA0C724349310004A6D17 = {
			isa = PBXGroup;
			children = (
				D2FEA0D224349310004A6D17 /* ProofScan */,
				D2FEA0D124349310004A6D17 /* Products */,
			);
			sourceTree = "<group>";
		};
		D2FEA0D124349310004A6D17 /* Products */ = {
			isa = PBXGroup;
			children = (
				D2FEA0D024349310004A6D17 /* ProofScan.app */,
			);
			name = Products;
			sourceTree = "<group>";
		};
		D2FEA0D224349310004A6D17 /* ProofScan */ = {
			isa = PBXGroup;
			children = (
				BD8ACFBE244F520300B1F8B9 /* Controller */,
				BD46B9BE244F50FA0014B992 /* Storyboard */,
				D2FEA0D324349310004A6D17 /* AppDelegate.swift */,
				D2FEA0D524349310004A6D17 /* SceneDelegate.swift */,
				D2FEA0DF24349313004A6D17 /* Assets.xcassets */,
				D2FEA0E124349313004A6D17 /* LaunchScreen.storyboard */,
				D2FEA0E424349313004A6D17 /* Info.plist */,
				D2FEA0DC24349310004A6D17 /* ProofScan.xcdatamodeld */,
			);
			path = ProofScan;
			sourceTree = "<group>";
		};
/* End PBXGroup section */

/* Begin PBXNativeTarget section */
		D2FEA0CF24349310004A6D17 /* ProofScan */ = {
			isa = PBXNativeTarget;
			buildConfigurationList = D2FEA0E724349313004A6D17 /* Build configuration list for PBXNativeTarget "ProofScan" */;
			buildPhases = (
				D2FEA0CC24349310004A6D17 /* Sources */,
				D2FEA0CD24349310004A6D17 /* Frameworks */,
				D2FEA0CE24349310004A6D17 /* Resources */,
			);
			buildRules = (
			);
			dependencies = (
			);
			name = ProofScan;
			productName = ProofScan;
			productReference = D2FEA0D024349310004A6D17 /* ProofScan.app */;
			productType = "com.apple.product-type.application";
		};
/* End PBXNativeTarget section */

/* Begin PBXProject section */
		D2FEA0C824349310004A6D17 /* Project object */ = {
			isa = PBXProject;
			attributes = {
				LastSwiftUpdateCheck = 1120;
				LastUpgradeCheck = 1120;
				ORGANIZATIONNAME = "Linando Saputra";
				TargetAttributes = {
					D2FEA0CF24349310004A6D17 = {
						CreatedOnToolsVersion = 11.2.1;
					};
				};
			};
			buildConfigurationList = D2FEA0CB24349310004A6D17 /* Build configuration list for PBXProject "ProofScan" */;
			compatibilityVersion = "Xcode 9.3";
			developmentRegion = en;
			hasScannedForEncodings = 0;
			knownRegions = (
				en,
				Base,
			);
			mainGroup = D2FEA0C724349310004A6D17;
			productRefGroup = D2FEA0D124349310004A6D17 /* Products */;
			projectDirPath = "";
			projectRoot = "";
			targets = (
				D2FEA0CF24349310004A6D17 /* ProofScan */,
			);
		};
/* End PBXProject section */

/* Begin PBXResourcesBuildPhase section */
		D2FEA0CE24349310004A6D17 /* Resources */ = {
			isa = PBXResourcesBuildPhase;
			buildActionMask = 2147483647;
			files = (
				D2FEA0E324349313004A6D17 /* LaunchScreen.storyboard in Resources */,
				BD46B9BD244F50EF0014B992 /* ProofRead.storyboard in Resources */,
				D2FEA0E024349313004A6D17 /* Assets.xcassets in Resources */,
				D2FEA0DB24349310004A6D17 /* Main.storyboard in Resources */,
				BD46B9B7244F50890014B992 /* SearchText.storyboard in Resources */,
				BD46B9BA244F50C70014B992 /* Settings.storyboard in Resources */,
			);
			runOnlyForDeploymentPostprocessing = 0;
		};
/* End PBXResourcesBuildPhase section */

/* Begin PBXSourcesBuildPhase section */
		D2FEA0CC24349310004A6D17 /* Sources */ = {
			isa = PBXSourcesBuildPhase;
			buildActionMask = 2147483647;
			files = (
				D2F2E537244A110A00612473 /* ProofreadViewController.swift in Sources */,
				D2FEA0D824349310004A6D17 /* SearchTextViewController.swift in Sources */,
				D2056D59245CC19D0030F164 /* IgnorePunctuationCell.swift in Sources */,
				D2056D5B245CC1B50030F164 /* IgnoreWhiteSpaceCell.swift in Sources */,
				D2FEA0DE24349310004A6D17 /* ProofScan.xcdatamodeld in Sources */,
				D2056D51245CC1560030F164 /* MatchCaseCell.swift in Sources */,
				D2F2E5C9244E4D6D00612473 /* ResultViewController.swift in Sources */,
				D2F2E5CB244E4EF500612473 /* MistakeDetail.swift in Sources */,
				D2F2E53B244A136600612473 /* ProofScanTabBarController.swift in Sources */,
				D2FEA0D424349310004A6D17 /* AppDelegate.swift in Sources */,
				D2FEA0D624349310004A6D17 /* SceneDelegate.swift in Sources */,
				D2056D57245CC18C0030F164 /* MatchSuffixCell.swift in Sources */,
				D2056D5D245CC3A10030F164 /* ImageAdvancedViewController.swift in Sources */,
				D2F2E539244A111700612473 /* SettingViewController.swift in Sources */,
				D2056D53245CC16A0030F164 /* WholeWordCell.swift in Sources */,
				D2056D55245CC17B0030F164 /* MatchPrefixCell.swift in Sources */,
			);
			runOnlyForDeploymentPostprocessing = 0;
		};
/* End PBXSourcesBuildPhase section */

/* Begin PBXVariantGroup section */
		BD46B9B5244F50890014B992 /* SearchText.storyboard */ = {
			isa = PBXVariantGroup;
			children = (
				BD46B9B6244F50890014B992 /* Base */,
			);
			name = SearchText.storyboard;
			sourceTree = "<group>";
		};
		BD46B9B8244F50C70014B992 /* Settings.storyboard */ = {
			isa = PBXVariantGroup;
			children = (
				BD46B9B9244F50C70014B992 /* Base */,
			);
			name = Settings.storyboard;
			sourceTree = "<group>";
		};
		BD46B9BB244F50EF0014B992 /* ProofRead.storyboard */ = {
			isa = PBXVariantGroup;
			children = (
				BD46B9BC244F50EF0014B992 /* Base */,
			);
			name = ProofRead.storyboard;
			sourceTree = "<group>";
		};
		D2FEA0D924349310004A6D17 /* Main.storyboard */ = {
			isa = PBXVariantGroup;
			children = (
				D2FEA0DA24349310004A6D17 /* Base */,
			);
			name = Main.storyboard;
			sourceTree = "<group>";
		};
		D2FEA0E124349313004A6D17 /* LaunchScreen.storyboard */ = {
			isa = PBXVariantGroup;
			children = (
				D2FEA0E224349313004A6D17 /* Base */,
			);
			name = LaunchScreen.storyboard;
			sourceTree = "<group>";
		};
/* End PBXVariantGroup section */

/* Begin XCBuildConfiguration section */
		D2FEA0E524349313004A6D17 /* Debug */ = {
			isa = XCBuildConfiguration;
			buildSettings = {
				ALWAYS_SEARCH_USER_PATHS = NO;
				CLANG_ANALYZER_NONNULL = YES;
				CLANG_ANALYZER_NUMBER_OBJECT_CONVERSION = YES_AGGRESSIVE;
				CLANG_CXX_LANGUAGE_STANDARD = "gnu++14";
				CLANG_CXX_LIBRARY = "libc++";
				CLANG_ENABLE_MODULES = YES;
				CLANG_ENABLE_OBJC_ARC = YES;
				CLANG_ENABLE_OBJC_WEAK = YES;
				CLANG_WARN_BLOCK_CAPTURE_AUTORELEASING = YES;
				CLANG_WARN_BOOL_CONVERSION = YES;
				CLANG_WARN_COMMA = YES;
				CLANG_WARN_CONSTANT_CONVERSION = YES;
				CLANG_WARN_DEPRECATED_OBJC_IMPLEMENTATIONS = YES;
				CLANG_WARN_DIRECT_OBJC_ISA_USAGE = YES_ERROR;
				CLANG_WARN_DOCUMENTATION_COMMENTS = YES;
				CLANG_WARN_EMPTY_BODY = YES;
				CLANG_WARN_ENUM_CONVERSION = YES;
				CLANG_WARN_INFINITE_RECURSION = YES;
				CLANG_WARN_INT_CONVERSION = YES;
				CLANG_WARN_NON_LITERAL_NULL_CONVERSION = YES;
				CLANG_WARN_OBJC_IMPLICIT_RETAIN_SELF = YES;
				CLANG_WARN_OBJC_LITERAL_CONVERSION = YES;
				CLANG_WARN_OBJC_ROOT_CLASS = YES_ERROR;
				CLANG_WARN_RANGE_LOOP_ANALYSIS = YES;
				CLANG_WARN_STRICT_PROTOTYPES = YES;
				CLANG_WARN_SUSPICIOUS_MOVE = YES;
				CLANG_WARN_UNGUARDED_AVAILABILITY = YES_AGGRESSIVE;
				CLANG_WARN_UNREACHABLE_CODE = YES;
				CLANG_WARN__DUPLICATE_METHOD_MATCH = YES;
				COPY_PHASE_STRIP = NO;
				DEBUG_INFORMATION_FORMAT = dwarf;
				ENABLE_STRICT_OBJC_MSGSEND = YES;
				ENABLE_TESTABILITY = YES;
				GCC_C_LANGUAGE_STANDARD = gnu11;
				GCC_DYNAMIC_NO_PIC = NO;
				GCC_NO_COMMON_BLOCKS = YES;
				GCC_OPTIMIZATION_LEVEL = 0;
				GCC_PREPROCESSOR_DEFINITIONS = (
					"DEBUG=1",
					"$(inherited)",
				);
				GCC_WARN_64_TO_32_BIT_CONVERSION = YES;
				GCC_WARN_ABOUT_RETURN_TYPE = YES_ERROR;
				GCC_WARN_UNDECLARED_SELECTOR = YES;
				GCC_WARN_UNINITIALIZED_AUTOS = YES_AGGRESSIVE;
				GCC_WARN_UNUSED_FUNCTION = YES;
				GCC_WARN_UNUSED_VARIABLE = YES;
				IPHONEOS_DEPLOYMENT_TARGET = 13.2;
				MTL_ENABLE_DEBUG_INFO = INCLUDE_SOURCE;
				MTL_FAST_MATH = YES;
				ONLY_ACTIVE_ARCH = YES;
				SDKROOT = iphoneos;
				SWIFT_ACTIVE_COMPILATION_CONDITIONS = DEBUG;
				SWIFT_OPTIMIZATION_LEVEL = "-Onone";
			};
			name = Debug;
		};
		D2FEA0E624349313004A6D17 /* Release */ = {
			isa = XCBuildConfiguration;
			buildSettings = {
				ALWAYS_SEARCH_USER_PATHS = NO;
				CLANG_ANALYZER_NONNULL = YES;
				CLANG_ANALYZER_NUMBER_OBJECT_CONVERSION = YES_AGGRESSIVE;
				CLANG_CXX_LANGUAGE_STANDARD = "gnu++14";
				CLANG_CXX_LIBRARY = "libc++";
				CLANG_ENABLE_MODULES = YES;
				CLANG_ENABLE_OBJC_ARC = YES;
				CLANG_ENABLE_OBJC_WEAK = YES;
				CLANG_WARN_BLOCK_CAPTURE_AUTORELEASING = YES;
				CLANG_WARN_BOOL_CONVERSION = YES;
				CLANG_WARN_COMMA = YES;
				CLANG_WARN_CONSTANT_CONVERSION = YES;
				CLANG_WARN_DEPRECATED_OBJC_IMPLEMENTATIONS = YES;
				CLANG_WARN_DIRECT_OBJC_ISA_USAGE = YES_ERROR;
				CLANG_WARN_DOCUMENTATION_COMMENTS = YES;
				CLANG_WARN_EMPTY_BODY = YES;
				CLANG_WARN_ENUM_CONVERSION = YES;
				CLANG_WARN_INFINITE_RECURSION = YES;
				CLANG_WARN_INT_CONVERSION = YES;
				CLANG_WARN_NON_LITERAL_NULL_CONVERSION = YES;
				CLANG_WARN_OBJC_IMPLICIT_RETAIN_SELF = YES;
				CLANG_WARN_OBJC_LITERAL_CONVERSION = YES;
				CLANG_WARN_OBJC_ROOT_CLASS = YES_ERROR;
				CLANG_WARN_RANGE_LOOP_ANALYSIS = YES;
				CLANG_WARN_STRICT_PROTOTYPES = YES;
				CLANG_WARN_SUSPICIOUS_MOVE = YES;
				CLANG_WARN_UNGUARDED_AVAILABILITY = YES_AGGRESSIVE;
				CLANG_WARN_UNREACHABLE_CODE = YES;
				CLANG_WARN__DUPLICATE_METHOD_MATCH = YES;
				COPY_PHASE_STRIP = NO;
				DEBUG_INFORMATION_FORMAT = "dwarf-with-dsym";
				ENABLE_NS_ASSERTIONS = NO;
				ENABLE_STRICT_OBJC_MSGSEND = YES;
				GCC_C_LANGUAGE_STANDARD = gnu11;
				GCC_NO_COMMON_BLOCKS = YES;
				GCC_WARN_64_TO_32_BIT_CONVERSION = YES;
				GCC_WARN_ABOUT_RETURN_TYPE = YES_ERROR;
				GCC_WARN_UNDECLARED_SELECTOR = YES;
				GCC_WARN_UNINITIALIZED_AUTOS = YES_AGGRESSIVE;
				GCC_WARN_UNUSED_FUNCTION = YES;
				GCC_WARN_UNUSED_VARIABLE = YES;
				IPHONEOS_DEPLOYMENT_TARGET = 13.2;
				MTL_ENABLE_DEBUG_INFO = NO;
				MTL_FAST_MATH = YES;
				SDKROOT = iphoneos;
				SWIFT_COMPILATION_MODE = wholemodule;
				SWIFT_OPTIMIZATION_LEVEL = "-O";
				VALIDATE_PRODUCT = YES;
			};
			name = Release;
		};
		D2FEA0E824349313004A6D17 /* Debug */ = {
			isa = XCBuildConfiguration;
			buildSettings = {
				ASSETCATALOG_COMPILER_APPICON_NAME = AppIcon;
				CODE_SIGN_STYLE = Automatic;
				DEVELOPMENT_TEAM = 5538968945;
				INFOPLIST_FILE = ProofScan/Info.plist;
				LD_RUNPATH_SEARCH_PATHS = (
					"$(inherited)",
					"@executable_path/Frameworks",
				);
				PRODUCT_BUNDLE_IDENTIFIER = "Linando-Saputra.ProofScan";
				PRODUCT_NAME = "$(TARGET_NAME)";
				SWIFT_VERSION = 5.0;
				TARGETED_DEVICE_FAMILY = "1,2";
			};
			name = Debug;
		};
		D2FEA0E924349313004A6D17 /* Release */ = {
			isa = XCBuildConfiguration;
			buildSettings = {
				ASSETCATALOG_COMPILER_APPICON_NAME = AppIcon;
				CODE_SIGN_STYLE = Automatic;
				DEVELOPMENT_TEAM = 5538968945;
				INFOPLIST_FILE = ProofScan/Info.plist;
				LD_RUNPATH_SEARCH_PATHS = (
					"$(inherited)",
					"@executable_path/Frameworks",
				);
				PRODUCT_BUNDLE_IDENTIFIER = "Linando-Saputra.ProofScan";
				PRODUCT_NAME = "$(TARGET_NAME)";
				SWIFT_VERSION = 5.0;
				TARGETED_DEVICE_FAMILY = "1,2";
			};
			name = Release;
		};
/* End XCBuildConfiguration section */

/* Begin XCConfigurationList section */
		D2FEA0CB24349310004A6D17 /* Build configuration list for PBXProject "ProofScan" */ = {
			isa = XCConfigurationList;
			buildConfigurations = (
				D2FEA0E524349313004A6D17 /* Debug */,
				D2FEA0E624349313004A6D17 /* Release */,
			);
			defaultConfigurationIsVisible = 0;
			defaultConfigurationName = Release;
		};
		D2FEA0E724349313004A6D17 /* Build configuration list for PBXNativeTarget "ProofScan" */ = {
			isa = XCConfigurationList;
			buildConfigurations = (
				D2FEA0E824349313004A6D17 /* Debug */,
				D2FEA0E924349313004A6D17 /* Release */,
			);
			defaultConfigurationIsVisible = 0;
			defaultConfigurationName = Release;
		};
/* End XCConfigurationList section */

/* Begin XCVersionGroup section */
		D2FEA0DC24349310004A6D17 /* ProofScan.xcdatamodeld */ = {
			isa = XCVersionGroup;
			children = (
				D2FEA0DD24349310004A6D17 /* ProofScan.xcdatamodel */,
			);
			currentVersion = D2FEA0DD24349310004A6D17 /* ProofScan.xcdatamodel */;
			path = ProofScan.xcdatamodeld;
			sourceTree = "<group>";
			versionGroupType = wrapper.xcdatamodel;
		};
/* End XCVersionGroup section */
	};
	rootObject = D2FEA0C824349310004A6D17 /* Project object */;
}
